
Microsoft Visual Studio Solution File, Format Version 12.00
# Visual Studio 15
VisualStudioVersion = 15.0.27703.2035
MinimumVisualStudioVersion = 10.0.40219.1
Project("{FAE04EC0-301F-11D3-BF4B-00C04F79EFBC}") = "Question_01", "Question_01\Question_01.csproj", "{D73611D2-10FC-44C6-A9A4-A198D5939FB4}"
EndProject
Project("{FAE04EC0-301F-11D3-BF4B-00C04F79EFBC}") = "Question_02", "Question_02\Question_02.csproj", "{2A604ADF-AEC1-4319-A84D-C974AB503AF0}"
EndProject
Project("{FAE04EC0-301F-11D3-BF4B-00C04F79EFBC}") = "Question_03", "Question_03\Question_03.csproj", "{E3CE7B63-E819-4578-AEC2-81DCF4103845}"
EndProject
Project("{FAE04EC0-301F-11D3-BF4B-00C04F79EFBC}") = "Question_04", "Question_04\Question_04.csproj", "{88F8E529-BCC1-478A-B305-77E095EF3614}"
EndProject
Project("{FAE04EC0-301F-11D3-BF4B-00C04F79EFBC}") = "Question_05", "Question_05\Question_05.csproj", "{A3F649EA-F1E3-48A1-A45C-4FA03F4B2F1C}"
EndProject
Project("{FAE04EC0-301F-11D3-BF4B-00C04F79EFBC}") = "Question_06", "Question_06\Question_06.csproj", "{585BF8AC-23CB-41E1-B62A-539E9D35568C}"
EndProject
Project("{FAE04EC0-301F-11D3-BF4B-00C04F79EFBC}") = "Question_07", "Question_07\Question_07.csproj", "{67450681-960C-4581-81E7-41A9FE80D968}"
EndProject
Project("{FAE04EC0-301F-11D3-BF4B-00C04F79EFBC}") = "DataTypes", "DataTypes\DataTypes.csproj", "{D5519262-3321-494E-A70E-096C200DA57E}"
EndProject
Project("{FAE04EC0-301F-11D3-BF4B-00C04F79EFBC}") = "Question_23", "Question_23\Question_23.csproj", "{2BD1C32E-295B-45A0-86F3-E94813D0E8BF}"
EndProject
Project("{FAE04EC0-301F-11D3-BF4B-00C04F79EFBC}") = "Question_24", "Question_24\Question_24.csproj", "{64B3D8E4-EAE9-4937-A33F-384D76A46859}"
EndProject
Project("{FAE04EC0-301F-11D3-BF4B-00C04F79EFBC}") = "Question_25", "Question_25\Question_25.csproj", "{1FE7BE49-47EC-4626-BD8D-586EC21FA880}"
EndProject
Project("{FAE04EC0-301F-11D3-BF4B-00C04F79EFBC}") = "Question_22", "Question_22\Question_22.csproj", "{F9C30AB2-E659-4D36-ABE8-7884D8721AE1}"
EndProject
Project("{2150E333-8FDC-42A3-9474-1A3956D46DE8}") = "Solution Items", "Solution Items", "{710933C8-4AFD-4529-9139-3BE3C8CC982B}"
	ProjectSection(SolutionItems) = preProject
		README = README
	EndProjectSection
EndProject
Project("{FAE04EC0-301F-11D3-BF4B-00C04F79EFBC}") = "Class", "Class\Class.csproj", "{3C550697-9D01-4854-8AF8-A06607B1F66D}"
EndProject
Project("{FAE04EC0-301F-11D3-BF4B-00C04F79EFBC}") = "Question_26", "Question_26\Question_26.csproj", "{6F6D6EE6-6149-4D33-94BC-66D564F6144B}"
EndProject
Project("{FAE04EC0-301F-11D3-BF4B-00C04F79EFBC}") = "Question_27", "Question_27\Question_27.csproj", "{76E1D9C7-575D-4688-84C2-849D915CC19C}"
EndProject
Project("{FAE04EC0-301F-11D3-BF4B-00C04F79EFBC}") = "Question_28", "Question_28\Question_28.csproj", "{B8288C92-436F-4F97-870C-F6C76B005EF9}"
EndProject
Project("{FAE04EC0-301F-11D3-BF4B-00C04F79EFBC}") = "Question_29", "Question_29\Question_29.csproj", "{4CE47B4E-B732-41B0-9624-31F7E645BD3A}"
EndProject
Global
	GlobalSection(SolutionConfigurationPlatforms) = preSolution
		Debug|Any CPU = Debug|Any CPU
		Release|Any CPU = Release|Any CPU
	EndGlobalSection
	GlobalSection(ProjectConfigurationPlatforms) = postSolution
		{D73611D2-10FC-44C6-A9A4-A198D5939FB4}.Debug|Any CPU.ActiveCfg = Debug|Any CPU
		{D73611D2-10FC-44C6-A9A4-A198D5939FB4}.Debug|Any CPU.Build.0 = Debug|Any CPU
		{D73611D2-10FC-44C6-A9A4-A198D5939FB4}.Release|Any CPU.ActiveCfg = Release|Any CPU
		{D73611D2-10FC-44C6-A9A4-A198D5939FB4}.Release|Any CPU.Build.0 = Release|Any CPU
		{2A604ADF-AEC1-4319-A84D-C974AB503AF0}.Debug|Any CPU.ActiveCfg = Debug|Any CPU
		{2A604ADF-AEC1-4319-A84D-C974AB503AF0}.Debug|Any CPU.Build.0 = Debug|Any CPU
		{2A604ADF-AEC1-4319-A84D-C974AB503AF0}.Release|Any CPU.ActiveCfg = Release|Any CPU
		{2A604ADF-AEC1-4319-A84D-C974AB503AF0}.Release|Any CPU.Build.0 = Release|Any CPU
		{E3CE7B63-E819-4578-AEC2-81DCF4103845}.Debug|Any CPU.ActiveCfg = Debug|Any CPU
		{E3CE7B63-E819-4578-AEC2-81DCF4103845}.Debug|Any CPU.Build.0 = Debug|Any CPU
		{E3CE7B63-E819-4578-AEC2-81DCF4103845}.Release|Any CPU.ActiveCfg = Release|Any CPU
		{E3CE7B63-E819-4578-AEC2-81DCF4103845}.Release|Any CPU.Build.0 = Release|Any CPU
		{88F8E529-BCC1-478A-B305-77E095EF3614}.Debug|Any CPU.ActiveCfg = Debug|Any CPU
		{88F8E529-BCC1-478A-B305-77E095EF3614}.Debug|Any CPU.Build.0 = Debug|Any CPU
		{88F8E529-BCC1-478A-B305-77E095EF3614}.Release|Any CPU.ActiveCfg = Release|Any CPU
		{88F8E529-BCC1-478A-B305-77E095EF3614}.Release|Any CPU.Build.0 = Release|Any CPU
		{A3F649EA-F1E3-48A1-A45C-4FA03F4B2F1C}.Debug|Any CPU.ActiveCfg = Debug|Any CPU
		{A3F649EA-F1E3-48A1-A45C-4FA03F4B2F1C}.Debug|Any CPU.Build.0 = Debug|Any CPU
		{A3F649EA-F1E3-48A1-A45C-4FA03F4B2F1C}.Release|Any CPU.ActiveCfg = Release|Any CPU
		{A3F649EA-F1E3-48A1-A45C-4FA03F4B2F1C}.Release|Any CPU.Build.0 = Release|Any CPU
		{585BF8AC-23CB-41E1-B62A-539E9D35568C}.Debug|Any CPU.ActiveCfg = Debug|Any CPU
		{585BF8AC-23CB-41E1-B62A-539E9D35568C}.Debug|Any CPU.Build.0 = Debug|Any CPU
		{585BF8AC-23CB-41E1-B62A-539E9D35568C}.Release|Any CPU.ActiveCfg = Release|Any CPU
		{585BF8AC-23CB-41E1-B62A-539E9D35568C}.Release|Any CPU.Build.0 = Release|Any CPU
		{67450681-960C-4581-81E7-41A9FE80D968}.Debug|Any CPU.ActiveCfg = Debug|Any CPU
		{67450681-960C-4581-81E7-41A9FE80D968}.Debug|Any CPU.Build.0 = Debug|Any CPU
		{67450681-960C-4581-81E7-41A9FE80D968}.Release|Any CPU.ActiveCfg = Release|Any CPU
		{67450681-960C-4581-81E7-41A9FE80D968}.Release|Any CPU.Build.0 = Release|Any CPU
		{D5519262-3321-494E-A70E-096C200DA57E}.Debug|Any CPU.ActiveCfg = Debug|Any CPU
		{D5519262-3321-494E-A70E-096C200DA57E}.Debug|Any CPU.Build.0 = Debug|Any CPU
		{D5519262-3321-494E-A70E-096C200DA57E}.Release|Any CPU.ActiveCfg = Release|Any CPU
		{D5519262-3321-494E-A70E-096C200DA57E}.Release|Any CPU.Build.0 = Release|Any CPU
		{2BD1C32E-295B-45A0-86F3-E94813D0E8BF}.Debug|Any CPU.ActiveCfg = Debug|Any CPU
		{2BD1C32E-295B-45A0-86F3-E94813D0E8BF}.Debug|Any CPU.Build.0 = Debug|Any CPU
		{2BD1C32E-295B-45A0-86F3-E94813D0E8BF}.Release|Any CPU.ActiveCfg = Release|Any CPU
		{2BD1C32E-295B-45A0-86F3-E94813D0E8BF}.Release|Any CPU.Build.0 = Release|Any CPU
		{64B3D8E4-EAE9-4937-A33F-384D76A46859}.Debug|Any CPU.ActiveCfg = Debug|Any CPU
		{64B3D8E4-EAE9-4937-A33F-384D76A46859}.Debug|Any CPU.Build.0 = Debug|Any CPU
		{64B3D8E4-EAE9-4937-A33F-384D76A46859}.Release|Any CPU.ActiveCfg = Release|Any CPU
		{64B3D8E4-EAE9-4937-A33F-384D76A46859}.Release|Any CPU.Build.0 = Release|Any CPU
		{1FE7BE49-47EC-4626-BD8D-586EC21FA880}.Debug|Any CPU.ActiveCfg = Debug|Any CPU
		{1FE7BE49-47EC-4626-BD8D-586EC21FA880}.Debug|Any CPU.Build.0 = Debug|Any CPU
		{1FE7BE49-47EC-4626-BD8D-586EC21FA880}.Release|Any CPU.ActiveCfg = Release|Any CPU
		{1FE7BE49-47EC-4626-BD8D-586EC21FA880}.Release|Any CPU.Build.0 = Release|Any CPU
		{F9C30AB2-E659-4D36-ABE8-7884D8721AE1}.Debug|Any CPU.ActiveCfg = Debug|Any CPU
		{F9C30AB2-E659-4D36-ABE8-7884D8721AE1}.Debug|Any CPU.Build.0 = Debug|Any CPU
		{F9C30AB2-E659-4D36-ABE8-7884D8721AE1}.Release|Any CPU.ActiveCfg = Release|Any CPU
		{F9C30AB2-E659-4D36-ABE8-7884D8721AE1}.Release|Any CPU.Build.0 = Release|Any CPU
		{3C550697-9D01-4854-8AF8-A06607B1F66D}.Debug|Any CPU.ActiveCfg = Debug|Any CPU
		{3C550697-9D01-4854-8AF8-A06607B1F66D}.Debug|Any CPU.Build.0 = Debug|Any CPU
		{3C550697-9D01-4854-8AF8-A06607B1F66D}.Release|Any CPU.ActiveCfg = Release|Any CPU
		{3C550697-9D01-4854-8AF8-A06607B1F66D}.Release|Any CPU.Build.0 = Release|Any CPU
		{6F6D6EE6-6149-4D33-94BC-66D564F6144B}.Debug|Any CPU.ActiveCfg = Debug|Any CPU
		{6F6D6EE6-6149-4D33-94BC-66D564F6144B}.Debug|Any CPU.Build.0 = Debug|Any CPU
		{6F6D6EE6-6149-4D33-94BC-66D564F6144B}.Release|Any CPU.ActiveCfg = Release|Any CPU
		{6F6D6EE6-6149-4D33-94BC-66D564F6144B}.Release|Any CPU.Build.0 = Release|Any CPU
		{76E1D9C7-575D-4688-84C2-849D915CC19C}.Debug|Any CPU.ActiveCfg = Debug|Any CPU
		{76E1D9C7-575D-4688-84C2-849D915CC19C}.Debug|Any CPU.Build.0 = Debug|Any CPU
		{76E1D9C7-575D-4688-84C2-849D915CC19C}.Release|Any CPU.ActiveCfg = Release|Any CPU
		{76E1D9C7-575D-4688-84C2-849D915CC19C}.Release|Any CPU.Build.0 = Release|Any CPU
		{B8288C92-436F-4F97-870C-F6C76B005EF9}.Debug|Any CPU.ActiveCfg = Debug|Any CPU
		{B8288C92-436F-4F97-870C-F6C76B005EF9}.Debug|Any CPU.Build.0 = Debug|Any CPU
		{B8288C92-436F-4F97-870C-F6C76B005EF9}.Release|Any CPU.ActiveCfg = Release|Any CPU
		{B8288C92-436F-4F97-870C-F6C76B005EF9}.Release|Any CPU.Build.0 = Release|Any CPU
		{4CE47B4E-B732-41B0-9624-31F7E645BD3A}.Debug|Any CPU.ActiveCfg = Debug|Any CPU
		{4CE47B4E-B732-41B0-9624-31F7E645BD3A}.Debug|Any CPU.Build.0 = Debug|Any CPU
		{4CE47B4E-B732-41B0-9624-31F7E645BD3A}.Release|Any CPU.ActiveCfg = Release|Any CPU
		{4CE47B4E-B732-41B0-9624-31F7E645BD3A}.Release|Any CPU.Build.0 = Release|Any CPU
	EndGlobalSection
	GlobalSection(SolutionProperties) = preSolution
		HideSolutionNode = FALSE
	EndGlobalSection
	GlobalSection(ExtensibilityGlobals) = postSolution
		SolutionGuid = {DB2A54DB-8391-4AC1-BC8D-86DB1843B6E7}
	EndGlobalSection
EndGlobal
