
Microsoft Visual Studio Solution File, Format Version 12.00
# Visual Studio 14
VisualStudioVersion = 14.0.24720.0
MinimumVisualStudioVersion = 10.0.40219.1
Project("{FAE04EC0-301F-11D3-BF4B-00C04F79EFBC}") = "Question_01", "Question_01\Question_01.csproj", "{D73611D2-10FC-44C6-A9A4-A198D5939FB4}"
EndProject
Project("{FAE04EC0-301F-11D3-BF4B-00C04F79EFBC}") = "Question_02", "Question_02\Question_02.csproj", "{2A604ADF-AEC1-4319-A84D-C974AB503AF0}"
EndProject
Project("{FAE04EC0-301F-11D3-BF4B-00C04F79EFBC}") = "Question_03", "Question_03\Question_03.csproj", "{E3CE7B63-E819-4578-AEC2-81DCF4103845}"
EndProject
Project("{FAE04EC0-301F-11D3-BF4B-00C04F79EFBC}") = "Question_04", "Question_04\Question_04.csproj", "{88F8E529-BCC1-478A-B305-77E095EF3614}"
EndProject
Project("{FAE04EC0-301F-11D3-BF4B-00C04F79EFBC}") = "Question_05", "Question_05\Question_05.csproj", "{A3F649EA-F1E3-48A1-A45C-4FA03F4B2F1C}"
EndProject
Project("{FAE04EC0-301F-11D3-BF4B-00C04F79EFBC}") = "Question_06", "Question_06\Question_06.csproj", "{585BF8AC-23CB-41E1-B62A-539E9D35568C}"
EndProject
Project("{FAE04EC0-301F-11D3-BF4B-00C04F79EFBC}") = "Question_07", "Question_07\Question_07.csproj", "{67450681-960C-4581-81E7-41A9FE80D968}"
EndProject
Global
	GlobalSection(SolutionConfigurationPlatforms) = preSolution
		Debug|Any CPU = Debug|Any CPU
		Release|Any CPU = Release|Any CPU
	EndGlobalSection
	GlobalSection(ProjectConfigurationPlatforms) = postSolution
		{D73611D2-10FC-44C6-A9A4-A198D5939FB4}.Debug|Any CPU.ActiveCfg = Debug|Any CPU
		{D73611D2-10FC-44C6-A9A4-A198D5939FB4}.Debug|Any CPU.Build.0 = Debug|Any CPU
		{D73611D2-10FC-44C6-A9A4-A198D5939FB4}.Release|Any CPU.ActiveCfg = Release|Any CPU
		{D73611D2-10FC-44C6-A9A4-A198D5939FB4}.Release|Any CPU.Build.0 = Release|Any CPU
		{2A604ADF-AEC1-4319-A84D-C974AB503AF0}.Debug|Any CPU.ActiveCfg = Debug|Any CPU
		{2A604ADF-AEC1-4319-A84D-C974AB503AF0}.Debug|Any CPU.Build.0 = Debug|Any CPU
		{2A604ADF-AEC1-4319-A84D-C974AB503AF0}.Release|Any CPU.ActiveCfg = Release|Any CPU
		{2A604ADF-AEC1-4319-A84D-C974AB503AF0}.Release|Any CPU.Build.0 = Release|Any CPU
		{E3CE7B63-E819-4578-AEC2-81DCF4103845}.Debug|Any CPU.ActiveCfg = Debug|Any CPU
		{E3CE7B63-E819-4578-AEC2-81DCF4103845}.Debug|Any CPU.Build.0 = Debug|Any CPU
		{E3CE7B63-E819-4578-AEC2-81DCF4103845}.Release|Any CPU.ActiveCfg = Release|Any CPU
		{E3CE7B63-E819-4578-AEC2-81DCF4103845}.Release|Any CPU.Build.0 = Release|Any CPU
		{88F8E529-BCC1-478A-B305-77E095EF3614}.Debug|Any CPU.ActiveCfg = Debug|Any CPU
		{88F8E529-BCC1-478A-B305-77E095EF3614}.Debug|Any CPU.Build.0 = Debug|Any CPU
		{88F8E529-BCC1-478A-B305-77E095EF3614}.Release|Any CPU.ActiveCfg = Release|Any CPU
		{88F8E529-BCC1-478A-B305-77E095EF3614}.Release|Any CPU.Build.0 = Release|Any CPU
		{A3F649EA-F1E3-48A1-A45C-4FA03F4B2F1C}.Debug|Any CPU.ActiveCfg = Debug|Any CPU
		{A3F649EA-F1E3-48A1-A45C-4FA03F4B2F1C}.Debug|Any CPU.Build.0 = Debug|Any CPU
		{A3F649EA-F1E3-48A1-A45C-4FA03F4B2F1C}.Release|Any CPU.ActiveCfg = Release|Any CPU
		{A3F649EA-F1E3-48A1-A45C-4FA03F4B2F1C}.Release|Any CPU.Build.0 = Release|Any CPU
		{585BF8AC-23CB-41E1-B62A-539E9D35568C}.Debug|Any CPU.ActiveCfg = Debug|Any CPU
		{585BF8AC-23CB-41E1-B62A-539E9D35568C}.Debug|Any CPU.Build.0 = Debug|Any CPU
		{585BF8AC-23CB-41E1-B62A-539E9D35568C}.Release|Any CPU.ActiveCfg = Release|Any CPU
		{585BF8AC-23CB-41E1-B62A-539E9D35568C}.Release|Any CPU.Build.0 = Release|Any CPU
		{67450681-960C-4581-81E7-41A9FE80D968}.Debug|Any CPU.ActiveCfg = Debug|Any CPU
		{67450681-960C-4581-81E7-41A9FE80D968}.Debug|Any CPU.Build.0 = Debug|Any CPU
		{67450681-960C-4581-81E7-41A9FE80D968}.Release|Any CPU.ActiveCfg = Release|Any CPU
		{67450681-960C-4581-81E7-41A9FE80D968}.Release|Any CPU.Build.0 = Release|Any CPU
	EndGlobalSection
	GlobalSection(SolutionProperties) = preSolution
		HideSolutionNode = FALSE
	EndGlobalSection
EndGlobal
